# THIS IS AN AUTOGENERATED FILE. DO NOT EDIT THIS FILE DIRECTLY.
# yarn lockfile v1


bobril@*:
  version "14.17.0"
  resolved "https://registry.yarnpkg.com/bobril/-/bobril-14.17.0.tgz#c975a32f8dba5a771607d34a59acd65c50385630"
  integrity sha512-GN1wY1CpwSSqlWG5jsB73TypwFenECksRsGQGsU/Ir0lhwO6we1QbFlSmovjxODvWi1YRDO0EOPP+9bBWpxuoA==
