# THIS IS AN AUTOGENERATED FILE. DO NOT EDIT THIS FILE DIRECTLY.
# yarn lockfile v1


bobril@*:
  version "20.5.1"
  resolved "https://registry.yarnpkg.com/bobril/-/bobril-20.5.1.tgz#95cf5b42002c404527fdd427437020ec4abdee7a"
  integrity sha512-wKj+ydPZBqeIjf98CThUAm8hzd8RXLESy7mRJz4HH3cngwiBaY8JRZ+MsazrtR2DvX+wmm7Wu7K3D36VzGjRmA==
